// !$*UTF8*$!
{
	archiveVersion = 1;
	classes = {
	};
	objectVersion = 50;
	objects = {

/* Begin PBXBuildFile section */
		3E0166332689CA5500545383 /* ProfileView.swift in Sources */ = {isa = PBXBuildFile; fileRef = 3E0166322689CA5500545383 /* ProfileView.swift */; };
		3E0DD2AC26F343F6000E4B89 /* StateController.swift in Sources */ = {isa = PBXBuildFile; fileRef = 3E0DD2AB26F343F6000E4B89 /* StateController.swift */; };
		3E0DD2AE26F34AF2000E4B89 /* NavigationMap.swift in Sources */ = {isa = PBXBuildFile; fileRef = 3E0DD2AD26F34AF2000E4B89 /* NavigationMap.swift */; };
		3E0DD2B026F49F9A000E4B89 /* MultilineTextField.swift in Sources */ = {isa = PBXBuildFile; fileRef = 3E0DD2AF26F49F9A000E4B89 /* MultilineTextField.swift */; };
		3E398DEC263D61480067DF74 /* Styles.swift in Sources */ = {isa = PBXBuildFile; fileRef = 3E398DEB263D61480067DF74 /* Styles.swift */; };
		3E398DEE2641E5600067DF74 /* EditProfileView.swift in Sources */ = {isa = PBXBuildFile; fileRef = 3E398DED2641E5600067DF74 /* EditProfileView.swift */; };
		3E398DF0264520DD0067DF74 /* TopQuestionsView.swift in Sources */ = {isa = PBXBuildFile; fileRef = 3E398DEF264520DC0067DF74 /* TopQuestionsView.swift */; };
		3E398DF2264756300067DF74 /* QuestionRow.swift in Sources */ = {isa = PBXBuildFile; fileRef = 3E398DF1264756300067DF74 /* QuestionRow.swift */; };
		3E398DF4264757C30067DF74 /* SettingsView.swift in Sources */ = {isa = PBXBuildFile; fileRef = 3E398DF3264757C30067DF74 /* SettingsView.swift */; };
		3E398DF626492F2D0067DF74 /* QuestionView.Voting.swift in Sources */ = {isa = PBXBuildFile; fileRef = 3E398DF526492F2D0067DF74 /* QuestionView.Voting.swift */; };
		3E398DF8264930780067DF74 /* TestData.swift in Sources */ = {isa = PBXBuildFile; fileRef = 3E398DF7264930780067DF74 /* TestData.swift */; };
		3E398DFA264933B50067DF74 /* QuestionView.QuestionDetails.swift in Sources */ = {isa = PBXBuildFile; fileRef = 3E398DF9264933B50067DF74 /* QuestionView.QuestionDetails.swift */; };
		3E398DFC2649357A0067DF74 /* QuestionView.AnswerDetails.swift in Sources */ = {isa = PBXBuildFile; fileRef = 3E398DFB2649357A0067DF74 /* QuestionView.AnswerDetails.swift */; };
		3E398E3D264BBE560067DF74 /* TopTagsView.swift in Sources */ = {isa = PBXBuildFile; fileRef = 3E398E3C264BBE560067DF74 /* TopTagsView.swift */; };
		3E398E3F264BC5440067DF74 /* TopUsersView.swift in Sources */ = {isa = PBXBuildFile; fileRef = 3E398E3E264BC5440067DF74 /* TopUsersView.swift */; };
		3E39CD472639213B009EE552 /* LifehacksApp.swift in Sources */ = {isa = PBXBuildFile; fileRef = 3E39CD462639213B009EE552 /* LifehacksApp.swift */; };
		3E39CD4B2639213B009EE552 /* ContentView.swift in Sources */ = {isa = PBXBuildFile; fileRef = 3E39CD4A2639213B009EE552 /* ContentView.swift */; };
		3E39CD4D2639213D009EE552 /* Assets.xcassets in Resources */ = {isa = PBXBuildFile; fileRef = 3E39CD4C2639213D009EE552 /* Assets.xcassets */; };
		3E39CD502639213D009EE552 /* Preview Assets.xcassets in Resources */ = {isa = PBXBuildFile; fileRef = 3E39CD4F2639213D009EE552 /* Preview Assets.xcassets */; };
		3E39CD5E2639213D009EE552 /* QuestionTests.swift in Sources */ = {isa = PBXBuildFile; fileRef = 3E39CD5D2639213D009EE552 /* QuestionTests.swift */; };
		3E39CD692639213D009EE552 /* LifeHacksUITests.swift in Sources */ = {isa = PBXBuildFile; fileRef = 3E39CD682639213D009EE552 /* LifeHacksUITests.swift */; };
		3E39CD77263921D0009EE552 /* Model.swift in Sources */ = {isa = PBXBuildFile; fileRef = 3E39CD76263921D0009EE552 /* Model.swift */; };
		3E5D0E39263AA0F9001F945D /* QuestionView.swift in Sources */ = {isa = PBXBuildFile; fileRef = 3E5D0E38263AA0F9001F945D /* QuestionView.swift */; };
		3E5D0E3B263AAC9A001F945D /* Type Extensions.swift in Sources */ = {isa = PBXBuildFile; fileRef = 3E5D0E3A263AAC9A001F945D /* Type Extensions.swift */; };
		3E730052270B8FFC0019EFB6 /* Questions.json in Resources */ = {isa = PBXBuildFile; fileRef = 3E730051270B8FFC0019EFB6 /* Questions.json */; };
		3E730054270B90A40019EFB6 /* Users.json in Resources */ = {isa = PBXBuildFile; fileRef = 3E730053270B90A40019EFB6 /* Users.json */; };
		3E730058270B93C50019EFB6 /* Tags.json in Resources */ = {isa = PBXBuildFile; fileRef = 3E730057270B93C50019EFB6 /* Tags.json */; };
		3EABAA1D27064EBD008D256E /* LoginView.swift in Sources */ = {isa = PBXBuildFile; fileRef = 3EABAA1C27064EBD008D256E /* LoginView.swift */; };
		3EABAA1F27079480008D256E /* SettingsController.swift in Sources */ = {isa = PBXBuildFile; fileRef = 3EABAA1E27079480008D256E /* SettingsController.swift */; };
		3EB1142F26FD0C9800B8B870 /* ImagePicker.swift in Sources */ = {isa = PBXBuildFile; fileRef = 3EB1142E26FD0C9800B8B870 /* ImagePicker.swift */; };
		3ED79E8F26FE5FA600ED0FDF /* Questions.plist in Resources */ = {isa = PBXBuildFile; fileRef = 3ED79E8E26FE5FA600ED0FDF /* Questions.plist */; };
		3ED79E912704452000ED0FDF /* StorageController.swift in Sources */ = {isa = PBXBuildFile; fileRef = 3ED79E902704452000ED0FDF /* StorageController.swift */; };
		3ED94A07263C0069000E564C /* TagsView.swift in Sources */ = {isa = PBXBuildFile; fileRef = 3ED94A06263C0069000E564C /* TagsView.swift */; };
		3ED94A09263D5B3B000E564C /* RoundImage.swift in Sources */ = {isa = PBXBuildFile; fileRef = 3ED94A08263D5B3B000E564C /* RoundImage.swift */; };
		3EDE6471267DE5780041D856 /* AdaptiveView.swift in Sources */ = {isa = PBXBuildFile; fileRef = 3EDE6470267DE5780041D856 /* AdaptiveView.swift */; };
		3EDE6473268081AF0041D856 /* Motif.swift in Sources */ = {isa = PBXBuildFile; fileRef = 3EDE6472268081AF0041D856 /* Motif.swift */; };
/* End PBXBuildFile section */

/* Begin PBXContainerItemProxy section */
		3E39CD5A2639213D009EE552 /* PBXContainerItemProxy */ = {
			isa = PBXContainerItemProxy;
			containerPortal = 3E39CD3B2639213B009EE552 /* Project object */;
			proxyType = 1;
			remoteGlobalIDString = 3E39CD422639213B009EE552;
			remoteInfo = LifeHacks;
		};
		3E39CD652639213D009EE552 /* PBXContainerItemProxy */ = {
			isa = PBXContainerItemProxy;
			containerPortal = 3E39CD3B2639213B009EE552 /* Project object */;
			proxyType = 1;
			remoteGlobalIDString = 3E39CD422639213B009EE552;
			remoteInfo = LifeHacks;
		};
/* End PBXContainerItemProxy section */

/* Begin PBXFileReference section */
		3E0166322689CA5500545383 /* ProfileView.swift */ = {isa = PBXFileReference; lastKnownFileType = sourcecode.swift; path = ProfileView.swift; sourceTree = "<group>"; };
		3E0DD2AB26F343F6000E4B89 /* StateController.swift */ = {isa = PBXFileReference; lastKnownFileType = sourcecode.swift; path = StateController.swift; sourceTree = "<group>"; };
		3E0DD2AD26F34AF2000E4B89 /* NavigationMap.swift */ = {isa = PBXFileReference; lastKnownFileType = sourcecode.swift; path = NavigationMap.swift; sourceTree = "<group>"; };
		3E0DD2AF26F49F9A000E4B89 /* MultilineTextField.swift */ = {isa = PBXFileReference; lastKnownFileType = sourcecode.swift; path = MultilineTextField.swift; sourceTree = "<group>"; };
		3E398DEB263D61480067DF74 /* Styles.swift */ = {isa = PBXFileReference; lastKnownFileType = sourcecode.swift; path = Styles.swift; sourceTree = "<group>"; };
		3E398DED2641E5600067DF74 /* EditProfileView.swift */ = {isa = PBXFileReference; lastKnownFileType = sourcecode.swift; path = EditProfileView.swift; sourceTree = "<group>"; };
		3E398DEF264520DC0067DF74 /* TopQuestionsView.swift */ = {isa = PBXFileReference; lastKnownFileType = sourcecode.swift; path = TopQuestionsView.swift; sourceTree = "<group>"; };
		3E398DF1264756300067DF74 /* QuestionRow.swift */ = {isa = PBXFileReference; lastKnownFileType = sourcecode.swift; path = QuestionRow.swift; sourceTree = "<group>"; };
		3E398DF3264757C30067DF74 /* SettingsView.swift */ = {isa = PBXFileReference; lastKnownFileType = sourcecode.swift; path = SettingsView.swift; sourceTree = "<group>"; };
		3E398DF526492F2D0067DF74 /* QuestionView.Voting.swift */ = {isa = PBXFileReference; lastKnownFileType = sourcecode.swift; path = QuestionView.Voting.swift; sourceTree = "<group>"; };
		3E398DF7264930780067DF74 /* TestData.swift */ = {isa = PBXFileReference; lastKnownFileType = sourcecode.swift; path = TestData.swift; sourceTree = "<group>"; };
		3E398DF9264933B50067DF74 /* QuestionView.QuestionDetails.swift */ = {isa = PBXFileReference; lastKnownFileType = sourcecode.swift; path = QuestionView.QuestionDetails.swift; sourceTree = "<group>"; };
		3E398DFB2649357A0067DF74 /* QuestionView.AnswerDetails.swift */ = {isa = PBXFileReference; lastKnownFileType = sourcecode.swift; path = QuestionView.AnswerDetails.swift; sourceTree = "<group>"; };
		3E398E3C264BBE560067DF74 /* TopTagsView.swift */ = {isa = PBXFileReference; lastKnownFileType = sourcecode.swift; path = TopTagsView.swift; sourceTree = "<group>"; };
		3E398E3E264BC5440067DF74 /* TopUsersView.swift */ = {isa = PBXFileReference; lastKnownFileType = sourcecode.swift; path = TopUsersView.swift; sourceTree = "<group>"; };
		3E39CD432639213B009EE552 /* LifeHacks.app */ = {isa = PBXFileReference; explicitFileType = wrapper.application; includeInIndex = 0; path = LifeHacks.app; sourceTree = BUILT_PRODUCTS_DIR; };
		3E39CD462639213B009EE552 /* LifehacksApp.swift */ = {isa = PBXFileReference; lastKnownFileType = sourcecode.swift; path = LifehacksApp.swift; sourceTree = "<group>"; };
		3E39CD4A2639213B009EE552 /* ContentView.swift */ = {isa = PBXFileReference; lastKnownFileType = sourcecode.swift; path = ContentView.swift; sourceTree = "<group>"; };
		3E39CD4C2639213D009EE552 /* Assets.xcassets */ = {isa = PBXFileReference; lastKnownFileType = folder.assetcatalog; path = Assets.xcassets; sourceTree = "<group>"; };
		3E39CD4F2639213D009EE552 /* Preview Assets.xcassets */ = {isa = PBXFileReference; lastKnownFileType = folder.assetcatalog; path = "Preview Assets.xcassets"; sourceTree = "<group>"; };
		3E39CD542639213D009EE552 /* Info.plist */ = {isa = PBXFileReference; lastKnownFileType = text.plist.xml; path = Info.plist; sourceTree = "<group>"; };
		3E39CD592639213D009EE552 /* LifeHacksTests.xctest */ = {isa = PBXFileReference; explicitFileType = wrapper.cfbundle; includeInIndex = 0; path = LifeHacksTests.xctest; sourceTree = BUILT_PRODUCTS_DIR; };
		3E39CD5D2639213D009EE552 /* QuestionTests.swift */ = {isa = PBXFileReference; lastKnownFileType = sourcecode.swift; path = QuestionTests.swift; sourceTree = "<group>"; };
		3E39CD5F2639213D009EE552 /* Info.plist */ = {isa = PBXFileReference; lastKnownFileType = text.plist.xml; path = Info.plist; sourceTree = "<group>"; };
		3E39CD642639213D009EE552 /* LifeHacksUITests.xctest */ = {isa = PBXFileReference; explicitFileType = wrapper.cfbundle; includeInIndex = 0; path = LifeHacksUITests.xctest; sourceTree = BUILT_PRODUCTS_DIR; };
		3E39CD682639213D009EE552 /* LifeHacksUITests.swift */ = {isa = PBXFileReference; lastKnownFileType = sourcecode.swift; path = LifeHacksUITests.swift; sourceTree = "<group>"; };
		3E39CD6A2639213D009EE552 /* Info.plist */ = {isa = PBXFileReference; lastKnownFileType = text.plist.xml; path = Info.plist; sourceTree = "<group>"; };
		3E39CD76263921D0009EE552 /* Model.swift */ = {isa = PBXFileReference; lastKnownFileType = sourcecode.swift; path = Model.swift; sourceTree = "<group>"; };
		3E5D0E38263AA0F9001F945D /* QuestionView.swift */ = {isa = PBXFileReference; lastKnownFileType = sourcecode.swift; path = QuestionView.swift; sourceTree = "<group>"; };
		3E5D0E3A263AAC9A001F945D /* Type Extensions.swift */ = {isa = PBXFileReference; lastKnownFileType = sourcecode.swift; path = "Type Extensions.swift"; sourceTree = "<group>"; };
		3E730051270B8FFC0019EFB6 /* Questions.json */ = {isa = PBXFileReference; lastKnownFileType = text.json; path = Questions.json; sourceTree = "<group>"; };
		3E730053270B90A40019EFB6 /* Users.json */ = {isa = PBXFileReference; lastKnownFileType = text.json; path = Users.json; sourceTree = "<group>"; };
		3E730057270B93C50019EFB6 /* Tags.json */ = {isa = PBXFileReference; fileEncoding = 4; lastKnownFileType = text.json; path = Tags.json; sourceTree = "<group>"; };
		3EABAA1C27064EBD008D256E /* LoginView.swift */ = {isa = PBXFileReference; lastKnownFileType = sourcecode.swift; path = LoginView.swift; sourceTree = "<group>"; };
		3EABAA1E27079480008D256E /* SettingsController.swift */ = {isa = PBXFileReference; lastKnownFileType = sourcecode.swift; path = SettingsController.swift; sourceTree = "<group>"; };
		3EB1142E26FD0C9800B8B870 /* ImagePicker.swift */ = {isa = PBXFileReference; lastKnownFileType = sourcecode.swift; path = ImagePicker.swift; sourceTree = "<group>"; };
		3ED79E8E26FE5FA600ED0FDF /* Questions.plist */ = {isa = PBXFileReference; lastKnownFileType = text.plist.xml; path = Questions.plist; sourceTree = "<group>"; };
		3ED79E902704452000ED0FDF /* StorageController.swift */ = {isa = PBXFileReference; lastKnownFileType = sourcecode.swift; path = StorageController.swift; sourceTree = "<group>"; };
		3ED94A06263C0069000E564C /* TagsView.swift */ = {isa = PBXFileReference; lastKnownFileType = sourcecode.swift; path = TagsView.swift; sourceTree = "<group>"; };
		3ED94A08263D5B3B000E564C /* RoundImage.swift */ = {isa = PBXFileReference; lastKnownFileType = sourcecode.swift; path = RoundImage.swift; sourceTree = "<group>"; };
		3EDE6470267DE5780041D856 /* AdaptiveView.swift */ = {isa = PBXFileReference; lastKnownFileType = sourcecode.swift; path = AdaptiveView.swift; sourceTree = "<group>"; };
		3EDE6472268081AF0041D856 /* Motif.swift */ = {isa = PBXFileReference; lastKnownFileType = sourcecode.swift; path = Motif.swift; sourceTree = "<group>"; };
/* End PBXFileReference section */

/* Begin PBXFrameworksBuildPhase section */
		3E39CD402639213B009EE552 /* Frameworks */ = {
			isa = PBXFrameworksBuildPhase;
			buildActionMask = 2147483647;
			files = (
			);
			runOnlyForDeploymentPostprocessing = 0;
		};
		3E39CD562639213D009EE552 /* Frameworks */ = {
			isa = PBXFrameworksBuildPhase;
			buildActionMask = 2147483647;
			files = (
			);
			runOnlyForDeploymentPostprocessing = 0;
		};
		3E39CD612639213D009EE552 /* Frameworks */ = {
			isa = PBXFrameworksBuildPhase;
			buildActionMask = 2147483647;
			files = (
			);
			runOnlyForDeploymentPostprocessing = 0;
		};
/* End PBXFrameworksBuildPhase section */

/* Begin PBXGroup section */
		3E39CD3A2639213B009EE552 = {
			isa = PBXGroup;
			children = (
				3E39CD452639213B009EE552 /* LifeHacks */,
				3E39CD5C2639213D009EE552 /* LifeHacksTests */,
				3E39CD672639213D009EE552 /* LifeHacksUITests */,
				3E39CD442639213B009EE552 /* Products */,
			);
			sourceTree = "<group>";
		};
		3E39CD442639213B009EE552 /* Products */ = {
			isa = PBXGroup;
			children = (
				3E39CD432639213B009EE552 /* LifeHacks.app */,
				3E39CD592639213D009EE552 /* LifeHacksTests.xctest */,
				3E39CD642639213D009EE552 /* LifeHacksUITests.xctest */,
			);
			name = Products;
			sourceTree = "<group>";
		};
		3E39CD452639213B009EE552 /* LifeHacks */ = {
			isa = PBXGroup;
			children = (
				3E0166322689CA5500545383 /* ProfileView.swift */,
				3EDE6472268081AF0041D856 /* Motif.swift */,
				3E39CD462639213B009EE552 /* LifehacksApp.swift */,
				3E39CD4A2639213B009EE552 /* ContentView.swift */,
				3EABAA1C27064EBD008D256E /* LoginView.swift */,
				3E39CD76263921D0009EE552 /* Model.swift */,
				3E0DD2AB26F343F6000E4B89 /* StateController.swift */,
				3EABAA1E27079480008D256E /* SettingsController.swift */,
				3ED79E902704452000ED0FDF /* StorageController.swift */,
				3E5D0E38263AA0F9001F945D /* QuestionView.swift */,
				3E398DFB2649357A0067DF74 /* QuestionView.AnswerDetails.swift */,
				3E398DF9264933B50067DF74 /* QuestionView.QuestionDetails.swift */,
				3EDE6470267DE5780041D856 /* AdaptiveView.swift */,
				3E398DF526492F2D0067DF74 /* QuestionView.Voting.swift */,
				3E398DEF264520DC0067DF74 /* TopQuestionsView.swift */,
				3E0DD2AD26F34AF2000E4B89 /* NavigationMap.swift */,
				3E398DF1264756300067DF74 /* QuestionRow.swift */,
				3E398DED2641E5600067DF74 /* EditProfileView.swift */,
				3ED79E8E26FE5FA600ED0FDF /* Questions.plist */,
				3E0DD2AF26F49F9A000E4B89 /* MultilineTextField.swift */,
				3EB1142E26FD0C9800B8B870 /* ImagePicker.swift */,
				3E398DF3264757C30067DF74 /* SettingsView.swift */,
				3ED94A06263C0069000E564C /* TagsView.swift */,
				3E398E3C264BBE560067DF74 /* TopTagsView.swift */,
				3E398E3E264BC5440067DF74 /* TopUsersView.swift */,
				3E398DEB263D61480067DF74 /* Styles.swift */,
				3ED94A08263D5B3B000E564C /* RoundImage.swift */,
				3E5D0E3A263AAC9A001F945D /* Type Extensions.swift */,
				3E39CD4C2639213D009EE552 /* Assets.xcassets */,
				3E39CD542639213D009EE552 /* Info.plist */,
				3E39CD4E2639213D009EE552 /* Preview Content */,
			);
			path = LifeHacks;
			sourceTree = "<group>";
		};
		3E39CD4E2639213D009EE552 /* Preview Content */ = {
			isa = PBXGroup;
			children = (
				3E398DF7264930780067DF74 /* TestData.swift */,
				3E39CD4F2639213D009EE552 /* Preview Assets.xcassets */,
				3E730051270B8FFC0019EFB6 /* Questions.json */,
				3E730053270B90A40019EFB6 /* Users.json */,
				3E730057270B93C50019EFB6 /* Tags.json */,
			);
			path = "Preview Content";
			sourceTree = "<group>";
		};
		3E39CD5C2639213D009EE552 /* LifeHacksTests */ = {
			isa = PBXGroup;
			children = (
				3E39CD5D2639213D009EE552 /* QuestionTests.swift */,
				3E39CD5F2639213D009EE552 /* Info.plist */,
			);
			path = LifeHacksTests;
			sourceTree = "<group>";
		};
		3E39CD672639213D009EE552 /* LifeHacksUITests */ = {
			isa = PBXGroup;
			children = (
				3E39CD682639213D009EE552 /* LifeHacksUITests.swift */,
				3E39CD6A2639213D009EE552 /* Info.plist */,
			);
			path = LifeHacksUITests;
			sourceTree = "<group>";
		};
/* End PBXGroup section */

/* Begin PBXNativeTarget section */
		3E39CD422639213B009EE552 /* LifeHacks */ = {
			isa = PBXNativeTarget;
			buildConfigurationList = 3E39CD6D2639213D009EE552 /* Build configuration list for PBXNativeTarget "LifeHacks" */;
			buildPhases = (
				3E39CD3F2639213B009EE552 /* Sources */,
				3E39CD402639213B009EE552 /* Frameworks */,
				3E39CD412639213B009EE552 /* Resources */,
			);
			buildRules = (
			);
			dependencies = (
			);
			name = LifeHacks;
			productName = LifeHacks;
			productReference = 3E39CD432639213B009EE552 /* LifeHacks.app */;
			productType = "com.apple.product-type.application";
		};
		3E39CD582639213D009EE552 /* LifeHacksTests */ = {
			isa = PBXNativeTarget;
			buildConfigurationList = 3E39CD702639213D009EE552 /* Build configuration list for PBXNativeTarget "LifeHacksTests" */;
			buildPhases = (
				3E39CD552639213D009EE552 /* Sources */,
				3E39CD562639213D009EE552 /* Frameworks */,
				3E39CD572639213D009EE552 /* Resources */,
			);
			buildRules = (
			);
			dependencies = (
				3E39CD5B2639213D009EE552 /* PBXTargetDependency */,
			);
			name = LifeHacksTests;
			productName = LifeHacksTests;
			productReference = 3E39CD592639213D009EE552 /* LifeHacksTests.xctest */;
			productType = "com.apple.product-type.bundle.unit-test";
		};
		3E39CD632639213D009EE552 /* LifeHacksUITests */ = {
			isa = PBXNativeTarget;
			buildConfigurationList = 3E39CD732639213D009EE552 /* Build configuration list for PBXNativeTarget "LifeHacksUITests" */;
			buildPhases = (
				3E39CD602639213D009EE552 /* Sources */,
				3E39CD612639213D009EE552 /* Frameworks */,
				3E39CD622639213D009EE552 /* Resources */,
			);
			buildRules = (
			);
			dependencies = (
				3E39CD662639213D009EE552 /* PBXTargetDependency */,
			);
			name = LifeHacksUITests;
			productName = LifeHacksUITests;
			productReference = 3E39CD642639213D009EE552 /* LifeHacksUITests.xctest */;
			productType = "com.apple.product-type.bundle.ui-testing";
		};
/* End PBXNativeTarget section */

/* Begin PBXProject section */
		3E39CD3B2639213B009EE552 /* Project object */ = {
			isa = PBXProject;
			attributes = {
				LastSwiftUpdateCheck = 1250;
				LastUpgradeCheck = 1250;
				TargetAttributes = {
					3E39CD422639213B009EE552 = {
						CreatedOnToolsVersion = 12.5;
					};
					3E39CD582639213D009EE552 = {
						CreatedOnToolsVersion = 12.5;
						TestTargetID = 3E39CD422639213B009EE552;
					};
					3E39CD632639213D009EE552 = {
						CreatedOnToolsVersion = 12.5;
						TestTargetID = 3E39CD422639213B009EE552;
					};
				};
			};
			buildConfigurationList = 3E39CD3E2639213B009EE552 /* Build configuration list for PBXProject "LifeHacks" */;
			compatibilityVersion = "Xcode 9.3";
			developmentRegion = en;
			hasScannedForEncodings = 0;
			knownRegions = (
				en,
				Base,
			);
			mainGroup = 3E39CD3A2639213B009EE552;
			productRefGroup = 3E39CD442639213B009EE552 /* Products */;
			projectDirPath = "";
			projectRoot = "";
			targets = (
				3E39CD422639213B009EE552 /* LifeHacks */,
				3E39CD582639213D009EE552 /* LifeHacksTests */,
				3E39CD632639213D009EE552 /* LifeHacksUITests */,
			);
		};
/* End PBXProject section */

/* Begin PBXResourcesBuildPhase section */
		3E39CD412639213B009EE552 /* Resources */ = {
			isa = PBXResourcesBuildPhase;
			buildActionMask = 2147483647;
			files = (
				3E730058270B93C50019EFB6 /* Tags.json in Resources */,
				3ED79E8F26FE5FA600ED0FDF /* Questions.plist in Resources */,
				3E730052270B8FFC0019EFB6 /* Questions.json in Resources */,
				3E39CD502639213D009EE552 /* Preview Assets.xcassets in Resources */,
				3E730054270B90A40019EFB6 /* Users.json in Resources */,
				3E39CD4D2639213D009EE552 /* Assets.xcassets in Resources */,
			);
			runOnlyForDeploymentPostprocessing = 0;
		};
		3E39CD572639213D009EE552 /* Resources */ = {
			isa = PBXResourcesBuildPhase;
			buildActionMask = 2147483647;
			files = (
			);
			runOnlyForDeploymentPostprocessing = 0;
		};
		3E39CD622639213D009EE552 /* Resources */ = {
			isa = PBXResourcesBuildPhase;
			buildActionMask = 2147483647;
			files = (
			);
			runOnlyForDeploymentPostprocessing = 0;
		};
/* End PBXResourcesBuildPhase section */

/* Begin PBXSourcesBuildPhase section */
		3E39CD3F2639213B009EE552 /* Sources */ = {
			isa = PBXSourcesBuildPhase;
			buildActionMask = 2147483647;
			files = (
				3E398DF2264756300067DF74 /* QuestionRow.swift in Sources */,
				3E398DEE2641E5600067DF74 /* EditProfileView.swift in Sources */,
				3EB1142F26FD0C9800B8B870 /* ImagePicker.swift in Sources */,
				3ED79E912704452000ED0FDF /* StorageController.swift in Sources */,
				3EDE6473268081AF0041D856 /* Motif.swift in Sources */,
				3E0DD2AE26F34AF2000E4B89 /* NavigationMap.swift in Sources */,
				3E398DEC263D61480067DF74 /* Styles.swift in Sources */,
				3E398DF8264930780067DF74 /* TestData.swift in Sources */,
				3E398DFC2649357A0067DF74 /* QuestionView.AnswerDetails.swift in Sources */,
				3E398E3F264BC5440067DF74 /* TopUsersView.swift in Sources */,
				3EDE6471267DE5780041D856 /* AdaptiveView.swift in Sources */,
				3E5D0E39263AA0F9001F945D /* QuestionView.swift in Sources */,
				3E39CD77263921D0009EE552 /* Model.swift in Sources */,
				3E398E3D264BBE560067DF74 /* TopTagsView.swift in Sources */,
				3E0DD2AC26F343F6000E4B89 /* StateController.swift in Sources */,
				3ED94A07263C0069000E564C /* TagsView.swift in Sources */,
				3E5D0E3B263AAC9A001F945D /* Type Extensions.swift in Sources */,
				3E0DD2B026F49F9A000E4B89 /* MultilineTextField.swift in Sources */,
				3E398DF0264520DD0067DF74 /* TopQuestionsView.swift in Sources */,
				3E39CD472639213B009EE552 /* LifehacksApp.swift in Sources */,
				3E398DF626492F2D0067DF74 /* QuestionView.Voting.swift in Sources */,
				3EABAA1D27064EBD008D256E /* LoginView.swift in Sources */,
				3E398DFA264933B50067DF74 /* QuestionView.QuestionDetails.swift in Sources */,
				3ED94A09263D5B3B000E564C /* RoundImage.swift in Sources */,
				3EABAA1F27079480008D256E /* SettingsController.swift in Sources */,
				3E39CD4B2639213B009EE552 /* ContentView.swift in Sources */,
				3E0166332689CA5500545383 /* ProfileView.swift in Sources */,
				3E398DF4264757C30067DF74 /* SettingsView.swift in Sources */,
			);
			runOnlyForDeploymentPostprocessing = 0;
		};
		3E39CD552639213D009EE552 /* Sources */ = {
			isa = PBXSourcesBuildPhase;
			buildActionMask = 2147483647;
			files = (
				3E39CD5E2639213D009EE552 /* QuestionTests.swift in Sources */,
			);
			runOnlyForDeploymentPostprocessing = 0;
		};
		3E39CD602639213D009EE552 /* Sources */ = {
			isa = PBXSourcesBuildPhase;
			buildActionMask = 2147483647;
			files = (
				3E39CD692639213D009EE552 /* LifeHacksUITests.swift in Sources */,
			);
			runOnlyForDeploymentPostprocessing = 0;
		};
/* End PBXSourcesBuildPhase section */

/* Begin PBXTargetDependency section */
		3E39CD5B2639213D009EE552 /* PBXTargetDependency */ = {
			isa = PBXTargetDependency;
			target = 3E39CD422639213B009EE552 /* LifeHacks */;
			targetProxy = 3E39CD5A2639213D009EE552 /* PBXContainerItemProxy */;
		};
		3E39CD662639213D009EE552 /* PBXTargetDependency */ = {
			isa = PBXTargetDependency;
			target = 3E39CD422639213B009EE552 /* LifeHacks */;
			targetProxy = 3E39CD652639213D009EE552 /* PBXContainerItemProxy */;
		};
/* End PBXTargetDependency section */

/* Begin XCBuildConfiguration section */
		3E39CD6B2639213D009EE552 /* Debug */ = {
			isa = XCBuildConfiguration;
			buildSettings = {
				ALWAYS_SEARCH_USER_PATHS = NO;
				CLANG_ANALYZER_NONNULL = YES;
				CLANG_ANALYZER_NUMBER_OBJECT_CONVERSION = YES_AGGRESSIVE;
				CLANG_CXX_LANGUAGE_STANDARD = "gnu++14";
				CLANG_CXX_LIBRARY = "libc++";
				CLANG_ENABLE_MODULES = YES;
				CLANG_ENABLE_OBJC_ARC = YES;
				CLANG_ENABLE_OBJC_WEAK = YES;
				CLANG_WARN_BLOCK_CAPTURE_AUTORELEASING = YES;
				CLANG_WARN_BOOL_CONVERSION = YES;
				CLANG_WARN_COMMA = YES;
				CLANG_WARN_CONSTANT_CONVERSION = YES;
				CLANG_WARN_DEPRECATED_OBJC_IMPLEMENTATIONS = YES;
				CLANG_WARN_DIRECT_OBJC_ISA_USAGE = YES_ERROR;
				CLANG_WARN_DOCUMENTATION_COMMENTS = YES;
				CLANG_WARN_EMPTY_BODY = YES;
				CLANG_WARN_ENUM_CONVERSION = YES;
				CLANG_WARN_INFINITE_RECURSION = YES;
				CLANG_WARN_INT_CONVERSION = YES;
				CLANG_WARN_NON_LITERAL_NULL_CONVERSION = YES;
				CLANG_WARN_OBJC_IMPLICIT_RETAIN_SELF = YES;
				CLANG_WARN_OBJC_LITERAL_CONVERSION = YES;
				CLANG_WARN_OBJC_ROOT_CLASS = YES_ERROR;
				CLANG_WARN_QUOTED_INCLUDE_IN_FRAMEWORK_HEADER = YES;
				CLANG_WARN_RANGE_LOOP_ANALYSIS = YES;
				CLANG_WARN_STRICT_PROTOTYPES = YES;
				CLANG_WARN_SUSPICIOUS_MOVE = YES;
				CLANG_WARN_UNGUARDED_AVAILABILITY = YES_AGGRESSIVE;
				CLANG_WARN_UNREACHABLE_CODE = YES;
				CLANG_WARN__DUPLICATE_METHOD_MATCH = YES;
				COPY_PHASE_STRIP = NO;
				DEBUG_INFORMATION_FORMAT = dwarf;
				ENABLE_STRICT_OBJC_MSGSEND = YES;
				ENABLE_TESTABILITY = YES;
				GCC_C_LANGUAGE_STANDARD = gnu11;
				GCC_DYNAMIC_NO_PIC = NO;
				GCC_NO_COMMON_BLOCKS = YES;
				GCC_OPTIMIZATION_LEVEL = 0;
				GCC_PREPROCESSOR_DEFINITIONS = (
					"DEBUG=1",
					"$(inherited)",
				);
				GCC_WARN_64_TO_32_BIT_CONVERSION = YES;
				GCC_WARN_ABOUT_RETURN_TYPE = YES_ERROR;
				GCC_WARN_UNDECLARED_SELECTOR = YES;
				GCC_WARN_UNINITIALIZED_AUTOS = YES_AGGRESSIVE;
				GCC_WARN_UNUSED_FUNCTION = YES;
				GCC_WARN_UNUSED_VARIABLE = YES;
				IPHONEOS_DEPLOYMENT_TARGET = 14.3;
				MTL_ENABLE_DEBUG_INFO = INCLUDE_SOURCE;
				MTL_FAST_MATH = YES;
				ONLY_ACTIVE_ARCH = YES;
				SDKROOT = iphoneos;
				SWIFT_ACTIVE_COMPILATION_CONDITIONS = DEBUG;
				SWIFT_OPTIMIZATION_LEVEL = "-Onone";
			};
			name = Debug;
		};
		3E39CD6C2639213D009EE552 /* Release */ = {
			isa = XCBuildConfiguration;
			buildSettings = {
				ALWAYS_SEARCH_USER_PATHS = NO;
				CLANG_ANALYZER_NONNULL = YES;
				CLANG_ANALYZER_NUMBER_OBJECT_CONVERSION = YES_AGGRESSIVE;
				CLANG_CXX_LANGUAGE_STANDARD = "gnu++14";
				CLANG_CXX_LIBRARY = "libc++";
				CLANG_ENABLE_MODULES = YES;
				CLANG_ENABLE_OBJC_ARC = YES;
				CLANG_ENABLE_OBJC_WEAK = YES;
				CLANG_WARN_BLOCK_CAPTURE_AUTORELEASING = YES;
				CLANG_WARN_BOOL_CONVERSION = YES;
				CLANG_WARN_COMMA = YES;
				CLANG_WARN_CONSTANT_CONVERSION = YES;
				CLANG_WARN_DEPRECATED_OBJC_IMPLEMENTATIONS = YES;
				CLANG_WARN_DIRECT_OBJC_ISA_USAGE = YES_ERROR;
				CLANG_WARN_DOCUMENTATION_COMMENTS = YES;
				CLANG_WARN_EMPTY_BODY = YES;
				CLANG_WARN_ENUM_CONVERSION = YES;
				CLANG_WARN_INFINITE_RECURSION = YES;
				CLANG_WARN_INT_CONVERSION = YES;
				CLANG_WARN_NON_LITERAL_NULL_CONVERSION = YES;
				CLANG_WARN_OBJC_IMPLICIT_RETAIN_SELF = YES;
				CLANG_WARN_OBJC_LITERAL_CONVERSION = YES;
				CLANG_WARN_OBJC_ROOT_CLASS = YES_ERROR;
				CLANG_WARN_QUOTED_INCLUDE_IN_FRAMEWORK_HEADER = YES;
				CLANG_WARN_RANGE_LOOP_ANALYSIS = YES;
				CLANG_WARN_STRICT_PROTOTYPES = YES;
				CLANG_WARN_SUSPICIOUS_MOVE = YES;
				CLANG_WARN_UNGUARDED_AVAILABILITY = YES_AGGRESSIVE;
				CLANG_WARN_UNREACHABLE_CODE = YES;
				CLANG_WARN__DUPLICATE_METHOD_MATCH = YES;
				COPY_PHASE_STRIP = NO;
				DEBUG_INFORMATION_FORMAT = "dwarf-with-dsym";
				ENABLE_NS_ASSERTIONS = NO;
				ENABLE_STRICT_OBJC_MSGSEND = YES;
				GCC_C_LANGUAGE_STANDARD = gnu11;
				GCC_NO_COMMON_BLOCKS = YES;
				GCC_WARN_64_TO_32_BIT_CONVERSION = YES;
				GCC_WARN_ABOUT_RETURN_TYPE = YES_ERROR;
				GCC_WARN_UNDECLARED_SELECTOR = YES;
				GCC_WARN_UNINITIALIZED_AUTOS = YES_AGGRESSIVE;
				GCC_WARN_UNUSED_FUNCTION = YES;
				GCC_WARN_UNUSED_VARIABLE = YES;
				IPHONEOS_DEPLOYMENT_TARGET = 14.3;
				MTL_ENABLE_DEBUG_INFO = NO;
				MTL_FAST_MATH = YES;
				SDKROOT = iphoneos;
				SWIFT_COMPILATION_MODE = wholemodule;
				SWIFT_OPTIMIZATION_LEVEL = "-O";
				VALIDATE_PRODUCT = YES;
			};
			name = Release;
		};
		3E39CD6E2639213D009EE552 /* Debug */ = {
			isa = XCBuildConfiguration;
			buildSettings = {
				ASSETCATALOG_COMPILER_APPICON_NAME = AppIcon;
				ASSETCATALOG_COMPILER_GLOBAL_ACCENT_COLOR_NAME = AccentColor;
				CODE_SIGN_STYLE = Automatic;
				DEVELOPMENT_ASSET_PATHS = "\"LifeHacks/Preview Content\"";
				DEVELOPMENT_TEAM = 4349JC4AHG;
				ENABLE_PREVIEWS = YES;
				INFOPLIST_FILE = LifeHacks/Info.plist;
				LD_RUNPATH_SEARCH_PATHS = (
					"$(inherited)",
					"@executable_path/Frameworks",
				);
				PRODUCT_BUNDLE_IDENTIFIER = com.imethansmith.LifeHacks;
				PRODUCT_NAME = "$(TARGET_NAME)";
				SWIFT_VERSION = 5.0;
				TARGETED_DEVICE_FAMILY = "1,2";
			};
			name = Debug;
		};
		3E39CD6F2639213D009EE552 /* Release */ = {
			isa = XCBuildConfiguration;
			buildSettings = {
				ASSETCATALOG_COMPILER_APPICON_NAME = AppIcon;
				ASSETCATALOG_COMPILER_GLOBAL_ACCENT_COLOR_NAME = AccentColor;
				CODE_SIGN_STYLE = Automatic;
				DEVELOPMENT_ASSET_PATHS = "\"LifeHacks/Preview Content\"";
				DEVELOPMENT_TEAM = 4349JC4AHG;
				ENABLE_PREVIEWS = YES;
				INFOPLIST_FILE = LifeHacks/Info.plist;
				LD_RUNPATH_SEARCH_PATHS = (
					"$(inherited)",
					"@executable_path/Frameworks",
				);
				PRODUCT_BUNDLE_IDENTIFIER = com.imethansmith.LifeHacks;
				PRODUCT_NAME = "$(TARGET_NAME)";
				SWIFT_VERSION = 5.0;
				TARGETED_DEVICE_FAMILY = "1,2";
			};
			name = Release;
		};
		3E39CD712639213D009EE552 /* Debug */ = {
			isa = XCBuildConfiguration;
			buildSettings = {
				ALWAYS_EMBED_SWIFT_STANDARD_LIBRARIES = YES;
				BUNDLE_LOADER = "$(TEST_HOST)";
				CODE_SIGN_STYLE = Automatic;
				DEVELOPMENT_TEAM = 4349JC4AHG;
				INFOPLIST_FILE = LifeHacksTests/Info.plist;
				IPHONEOS_DEPLOYMENT_TARGET = 14.5;
				LD_RUNPATH_SEARCH_PATHS = (
					"$(inherited)",
					"@executable_path/Frameworks",
					"@loader_path/Frameworks",
				);
				PRODUCT_BUNDLE_IDENTIFIER = com.imethansmith.LifeHacksTests;
				PRODUCT_NAME = "$(TARGET_NAME)";
				SWIFT_VERSION = 5.0;
				TARGETED_DEVICE_FAMILY = "1,2";
				TEST_HOST = "$(BUILT_PRODUCTS_DIR)/LifeHacks.app/LifeHacks";
			};
			name = Debug;
		};
		3E39CD722639213D009EE552 /* Release */ = {
			isa = XCBuildConfiguration;
			buildSettings = {
				ALWAYS_EMBED_SWIFT_STANDARD_LIBRARIES = YES;
				BUNDLE_LOADER = "$(TEST_HOST)";
				CODE_SIGN_STYLE = Automatic;
				DEVELOPMENT_TEAM = 4349JC4AHG;
				INFOPLIST_FILE = LifeHacksTests/Info.plist;
				IPHONEOS_DEPLOYMENT_TARGET = 14.5;
				LD_RUNPATH_SEARCH_PATHS = (
					"$(inherited)",
					"@executable_path/Frameworks",
					"@loader_path/Frameworks",
				);
				PRODUCT_BUNDLE_IDENTIFIER = com.imethansmith.LifeHacksTests;
				PRODUCT_NAME = "$(TARGET_NAME)";
				SWIFT_VERSION = 5.0;
				TARGETED_DEVICE_FAMILY = "1,2";
				TEST_HOST = "$(BUILT_PRODUCTS_DIR)/LifeHacks.app/LifeHacks";
			};
			name = Release;
		};
		3E39CD742639213D009EE552 /* Debug */ = {
			isa = XCBuildConfiguration;
			buildSettings = {
				ALWAYS_EMBED_SWIFT_STANDARD_LIBRARIES = YES;
				CODE_SIGN_STYLE = Automatic;
				DEVELOPMENT_TEAM = 4349JC4AHG;
				INFOPLIST_FILE = LifeHacksUITests/Info.plist;
				LD_RUNPATH_SEARCH_PATHS = (
					"$(inherited)",
					"@executable_path/Frameworks",
					"@loader_path/Frameworks",
				);
				PRODUCT_BUNDLE_IDENTIFIER = com.imethansmith.LifeHacksUITests;
				PRODUCT_NAME = "$(TARGET_NAME)";
				SWIFT_VERSION = 5.0;
				TARGETED_DEVICE_FAMILY = "1,2";
				TEST_TARGET_NAME = LifeHacks;
			};
			name = Debug;
		};
		3E39CD752639213D009EE552 /* Release */ = {
			isa = XCBuildConfiguration;
			buildSettings = {
				ALWAYS_EMBED_SWIFT_STANDARD_LIBRARIES = YES;
				CODE_SIGN_STYLE = Automatic;
				DEVELOPMENT_TEAM = 4349JC4AHG;
				INFOPLIST_FILE = LifeHacksUITests/Info.plist;
				LD_RUNPATH_SEARCH_PATHS = (
					"$(inherited)",
					"@executable_path/Frameworks",
					"@loader_path/Frameworks",
				);
				PRODUCT_BUNDLE_IDENTIFIER = com.imethansmith.LifeHacksUITests;
				PRODUCT_NAME = "$(TARGET_NAME)";
				SWIFT_VERSION = 5.0;
				TARGETED_DEVICE_FAMILY = "1,2";
				TEST_TARGET_NAME = LifeHacks;
			};
			name = Release;
		};
/* End XCBuildConfiguration section */

/* Begin XCConfigurationList section */
		3E39CD3E2639213B009EE552 /* Build configuration list for PBXProject "LifeHacks" */ = {
			isa = XCConfigurationList;
			buildConfigurations = (
				3E39CD6B2639213D009EE552 /* Debug */,
				3E39CD6C2639213D009EE552 /* Release */,
			);
			defaultConfigurationIsVisible = 0;
			defaultConfigurationName = Release;
		};
		3E39CD6D2639213D009EE552 /* Build configuration list for PBXNativeTarget "LifeHacks" */ = {
			isa = XCConfigurationList;
			buildConfigurations = (
				3E39CD6E2639213D009EE552 /* Debug */,
				3E39CD6F2639213D009EE552 /* Release */,
			);
			defaultConfigurationIsVisible = 0;
			defaultConfigurationName = Release;
		};
		3E39CD702639213D009EE552 /* Build configuration list for PBXNativeTarget "LifeHacksTests" */ = {
			isa = XCConfigurationList;
			buildConfigurations = (
				3E39CD712639213D009EE552 /* Debug */,
				3E39CD722639213D009EE552 /* Release */,
			);
			defaultConfigurationIsVisible = 0;
			defaultConfigurationName = Release;
		};
		3E39CD732639213D009EE552 /* Build configuration list for PBXNativeTarget "LifeHacksUITests" */ = {
			isa = XCConfigurationList;
			buildConfigurations = (
				3E39CD742639213D009EE552 /* Debug */,
				3E39CD752639213D009EE552 /* Release */,
			);
			defaultConfigurationIsVisible = 0;
			defaultConfigurationName = Release;
		};
/* End XCConfigurationList section */
	};
	rootObject = 3E39CD3B2639213B009EE552 /* Project object */;
}
